
Microsoft Visual Studio Solution File, Format Version 12.00
# Visual Studio Version 17
VisualStudioVersion = 17.14.36121.58 d17.14
MinimumVisualStudioVersion = 10.0.40219.1
Project("{FAE04EC0-301F-11D3-BF4B-00C04F79EFBC}") = "GalakuDeviceConnection", "GalakuDeviceConnection.csproj", "{048EE751-9BF9-4BAC-8F61-7B89ACC96CE3}"
EndProject
Global
	GlobalSection(SolutionConfigurationPlatforms) = preSolution
		Debug|Any CPU = Debug|Any CPU
		Release|Any CPU = Release|Any CPU
	EndGlobalSection
	GlobalSection(ProjectConfigurationPlatforms) = postSolution
		{048EE751-9BF9-4BAC-8F61-7B89ACC96CE3}.Debug|Any CPU.ActiveCfg = Debug|Any CPU
		{048EE751-9BF9-4BAC-8F61-7B89ACC96CE3}.Debug|Any CPU.Build.0 = Debug|Any CPU
		{048EE751-9BF9-4BAC-8F61-7B89ACC96CE3}.Release|Any CPU.ActiveCfg = Release|Any CPU
		{048EE751-9BF9-4BAC-8F61-7B89ACC96CE3}.Release|Any CPU.Build.0 = Release|Any CPU
	EndGlobalSection
	GlobalSection(SolutionProperties) = preSolution
		HideSolutionNode = FALSE
	EndGlobalSection
	GlobalSection(ExtensibilityGlobals) = postSolution
		SolutionGuid = {A4CC1AC0-D8D3-4D0B-8908-983F6DBA9781}
	EndGlobalSection
EndGlobal
